# This file is generated by running "yarn install" inside your project.
# Manual changes might be lost - proceed with caution!

__metadata:
  version: 10
  cacheKey: 10c0

"@types/node@npm:^20.19.0":
  version: 20.19.43
  resolution: "@types/node@npm:20.19.43"
  dependencies:
    undici-types: "npm:~6.21.0"
  checksum: 10c0/9bcec3b5295bdd77ff0b44a528a69f7e22028c347507ba2c69be47ec84e30299f45043b222e9c86c510e138c9c53b2419dd5cd34920602a4a5a381c288075318
  languageName: node
  linkType: hard

"node-sig-net@workspace:.":
  version: 0.0.0-use.local
  resolution: "node-sig-net@workspace:."
  dependencies:
    "@types/node": "npm:^20.19.0"
    prettier: "npm:^3.9.4"
    typescript: "npm:^5.5.0"
  languageName: unknown
  linkType: soft

"prettier@npm:^3.9.4":
  version: 3.9.4
  resolution: "prettier@npm:3.9.4"
  bin:
    prettier: bin/prettier.cjs
  checksum: 10c0/dc6ec13d692745c6b7e7bf39beda9eb1b3b76c619118319bce393928c392264b1273337c75f80499695e165affefc7b3a9d2ebb18983af0a8f4dfbb2f45f6ff3
  languageName: node
  linkType: hard

"typescript@npm:^5.5.0":
  version: 5.9.3
  resolution: "typescript@npm:5.9.3"
  bin:
    tsc: bin/tsc
    tsserver: bin/tsserver
  checksum: 10c0/6bd7552ce39f97e711db5aa048f6f9995b53f1c52f7d8667c1abdc1700c68a76a308f579cd309ce6b53646deb4e9a1be7c813a93baaf0a28ccd536a30270e1c5
  languageName: node
  linkType: hard

"typescript@patch:typescript@npm%3A^5.5.0#optional!builtin<compat/typescript>":
  version: 5.9.3
  resolution: "typescript@patch:typescript@npm%3A5.9.3#optional!builtin<compat/typescript>::version=5.9.3&hash=5786d5"
  bin:
    tsc: bin/tsc
    tsserver: bin/tsserver
  checksum: 10c0/ad09fdf7a756814dce65bc60c1657b40d44451346858eea230e10f2e95a289d9183b6e32e5c11e95acc0ccc214b4f36289dcad4bf1886b0adb84d711d336a430
  languageName: node
  linkType: hard

"undici-types@npm:~6.21.0":
  version: 6.21.0
  resolution: "undici-types@npm:6.21.0"
  checksum: 10c0/c01ed51829b10aa72fc3ce64b747f8e74ae9b60eafa19a7b46ef624403508a54c526ffab06a14a26b3120d055e1104d7abe7c9017e83ced038ea5cf52f8d5e04
  languageName: node
  linkType: hard
